<?xml version="1.0" encoding="utf-8"?>
<Project ToolsVersion="4.0" xmlns="http://schemas.microsoft.com/developer/msbuild/2003">
  <ItemGroup>
    <Filter Include="01.Manager">
      <UniqueIdentifier>{f6b9e901-24c1-4842-9c8a-1ba8ef7c77c7}</UniqueIdentifier>
    </Filter>
    <Filter Include="01.Manager\DeviceMgr">
      <UniqueIdentifier>{d9703eb2-e6f9-4435-92ec-f97fb5aabf6a}</UniqueIdentifier>
    </Filter>
    <Filter Include="00.Header">
      <UniqueIdentifier>{a118a0dd-139a-4775-81bb-95cdd6be699a}</UniqueIdentifier>
    </Filter>
    <Filter Include="00.Header\Base">
      <UniqueIdentifier>{d021c073-5463-4f2f-8e26-5763635af777}</UniqueIdentifier>
    </Filter>
    <Filter Include="90.ExecutionFile">
      <UniqueIdentifier>{ab8fae48-0eab-4650-92ca-b57887e08f28}</UniqueIdentifier>
    </Filter>
    <Filter Include="00.Header\Base\Base_header">
      <UniqueIdentifier>{de5d7998-d861-4487-aee3-e8edca86eb91}</UniqueIdentifier>
    </Filter>
    <Filter Include="80.MainGame">
      <UniqueIdentifier>{8757ada1-b9dd-4af8-bf81-b1c152ff459e}</UniqueIdentifier>
    </Filter>
    <Filter Include="10.Scene">
      <UniqueIdentifier>{551b3cd2-74ed-46de-ba89-d0ea7e6f76b4}</UniqueIdentifier>
    </Filter>
    <Filter Include="10.Scene\tools">
      <UniqueIdentifier>{bb9bee36-1492-4181-8c2a-88278f9ae568}</UniqueIdentifier>
    </Filter>
    <Filter Include="10.Scene\_Lobby">
      <UniqueIdentifier>{a0957643-f862-4438-ae3c-1e6a1fb51755}</UniqueIdentifier>
    </Filter>
    <Filter Include="10.Scene\tools\ManageScene">
      <UniqueIdentifier>{e5ee6224-0f8b-468f-bcd3-260fd3d18003}</UniqueIdentifier>
    </Filter>
    <Filter Include="10.Scene\tools\ManageScene\Info_ManageScene">
      <UniqueIdentifier>{446ca421-8108-46f0-b79a-0287698c2451}</UniqueIdentifier>
    </Filter>
    <Filter Include="01.Manager\ObjMgr">
      <UniqueIdentifier>{c66c50bc-cb00-4d7b-9ee4-6812c49b9523}</UniqueIdentifier>
    </Filter>
    <Filter Include="20. Obj">
      <UniqueIdentifier>{ad10ce69-e9ae-4128-ae9e-35d8e4a21148}</UniqueIdentifier>
    </Filter>
    <Filter Include="20. Obj\Info_Obj">
      <UniqueIdentifier>{1fc45d7f-f63e-4ed6-8865-6c5ece8684a4}</UniqueIdentifier>
    </Filter>
    <Filter Include="97.DesignPattern">
      <UniqueIdentifier>{b546ef50-ad98-4737-8f92-abe38ebb2275}</UniqueIdentifier>
    </Filter>
    <Filter Include="97.DesignPattern\ProtoType">
      <UniqueIdentifier>{76e181b7-4c7a-43e5-a88d-394bbd733132}</UniqueIdentifier>
    </Filter>
    <Filter Include="97.DesignPattern\ProtoType\Object">
      <UniqueIdentifier>{ba272783-0e6a-443a-9a0e-0d1840738560}</UniqueIdentifier>
    </Filter>
    <Filter Include="97.DesignPattern\ProtoType\Object\Lobby">
      <UniqueIdentifier>{09e7beba-8eb1-4949-9df0-385153c49787}</UniqueIdentifier>
    </Filter>
    <Filter Include="97.DesignPattern\ProtoType\Object\Stage">
      <UniqueIdentifier>{2d08accc-01ac-414c-b6cc-0753a2a1557f}</UniqueIdentifier>
    </Filter>
    <Filter Include="97.DesignPattern\ProtoType\Object\Lobby\LobbyObjProto">
      <UniqueIdentifier>{702f0961-7185-4240-aa23-3be46a7ff1f4}</UniqueIdentifier>
    </Filter>
    <Filter Include="01.Manager\SortMgr">
      <UniqueIdentifier>{20f222da-706b-43fd-9899-618debcc6fc4}</UniqueIdentifier>
    </Filter>
    <Filter Include="20. Obj\Objects">
      <UniqueIdentifier>{70dc5ce3-cd42-4fe0-ac99-49d20f71b3e3}</UniqueIdentifier>
    </Filter>
    <Filter Include="01.Manager\TextureMgr">
      <UniqueIdentifier>{10304838-3bcb-41fe-8f1f-f166c8042dc3}</UniqueIdentifier>
    </Filter>
    <Filter Include="01.Manager\TextureMgr\Texture">
      <UniqueIdentifier>{4d49ddd9-ba8f-44e6-b8e8-ee468325527d}</UniqueIdentifier>
    </Filter>
    <Filter Include="01.Manager\TextureMgr\Texture\Multi">
      <UniqueIdentifier>{59b9b8a5-b8aa-44e1-8f64-0a949efe72d5}</UniqueIdentifier>
    </Filter>
    <Filter Include="01.Manager\KeyMgr">
      <UniqueIdentifier>{28a61235-54c8-4cdc-b89d-0f0efdf860c5}</UniqueIdentifier>
    </Filter>
    <Filter Include="00.Header\lib">
      <UniqueIdentifier>{e27b2f35-8ca9-4b52-8d3c-fe7f78805145}</UniqueIdentifier>
    </Filter>
    <Filter Include="00.Header\Base\Base_var">
      <UniqueIdentifier>{6bbcf4cd-794c-4433-9821-23f25fdb266c}</UniqueIdentifier>
    </Filter>
    <Filter Include="97.DesignPattern\ProtoType\Object\Stage\StageObjProto">
      <UniqueIdentifier>{fae68905-e80e-4043-90a0-9a9eebbffe08}</UniqueIdentifier>
    </Filter>
    <Filter Include="10.Scene\_Stage">
      <UniqueIdentifier>{877fedc0-b48b-40bf-a7a4-9f05b760a00c}</UniqueIdentifier>
    </Filter>
    <Filter Include="20. Obj\Objects\Stage_only">
      <UniqueIdentifier>{9a6f67c0-6416-4090-b959-3680163e02e7}</UniqueIdentifier>
    </Filter>
    <Filter Include="20. Obj\Objects\Lobby_only">
      <UniqueIdentifier>{25193f81-3428-46cf-804d-4c2b1429c7ca}</UniqueIdentifier>
    </Filter>
    <Filter Include="20. Obj\Objects\Lobby_only\Back_Lobby">
      <UniqueIdentifier>{d5b464a6-4df6-4fca-82f6-e8d663f4ed11}</UniqueIdentifier>
    </Filter>
    <Filter Include="20. Obj\Objects\Lobby_only\Select_Aircraft">
      <UniqueIdentifier>{3b8a4d3f-3749-4059-9ac1-c75d2dbf0362}</UniqueIdentifier>
    </Filter>
    <Filter Include="20. Obj\Objects\Common">
      <UniqueIdentifier>{dadab5be-758f-4132-99e7-47b9b887a43d}</UniqueIdentifier>
    </Filter>
    <Filter Include="20. Obj\Objects\Common\Picture">
      <UniqueIdentifier>{0da04cad-588e-44d4-9883-db7e1f2157b2}</UniqueIdentifier>
    </Filter>
    <Filter Include="01.Manager\TimeMgr">
      <UniqueIdentifier>{ac2f8e22-3de0-49cb-a584-67f2109514ff}</UniqueIdentifier>
    </Filter>
    <Filter Include="01.Manager\AudioMgr">
      <UniqueIdentifier>{3786ae34-b869-4dd3-a8c9-63dd8cec1457}</UniqueIdentifier>
    </Filter>
    <Filter Include="00.Header\Base\Base_var\extern_var">
      <UniqueIdentifier>{035e005f-a778-43cd-9e69-a113d0b26e26}</UniqueIdentifier>
    </Filter>
    <Filter Include="00.Header\lib\Util">
      <UniqueIdentifier>{731e3e7b-7197-45a5-8b6f-5f490cea3335}</UniqueIdentifier>
    </Filter>
    <Filter Include="80.MainGame\Info_Player">
      <UniqueIdentifier>{ccd08278-400a-4bb6-8073-c46ff24bb820}</UniqueIdentifier>
    </Filter>
    <Filter Include="20. Obj\Objects\Stage_only\Back_Stage">
      <UniqueIdentifier>{05fdad7d-02fe-475b-88c5-ea1312219cf4}</UniqueIdentifier>
    </Filter>
    <Filter Include="20. Obj\Objects\Stage_only\PlayerControl">
      <UniqueIdentifier>{a05965f7-f041-40c6-ab2c-03e8f7e61a0a}</UniqueIdentifier>
    </Filter>
    <Filter Include="20. Obj\Objects\Stage_only\Aircraft">
      <UniqueIdentifier>{6a8d0265-5ff0-406f-8fdc-c88bded91ad5}</UniqueIdentifier>
    </Filter>
    <Filter Include="01.Manager\ObjScheduleMgr">
      <UniqueIdentifier>{c84d7114-41d1-40bc-8fae-325ec49ac6c5}</UniqueIdentifier>
    </Filter>
    <Filter Include="30. ControlPattern">
      <UniqueIdentifier>{4aafb530-3512-4a13-8e30-ff1f2d578c85}</UniqueIdentifier>
    </Filter>
    <Filter Include="30. ControlPattern\MovingCoursePattern">
      <UniqueIdentifier>{e1c0e334-2b62-4129-a4b8-9156cfbc3816}</UniqueIdentifier>
    </Filter>
    <Filter Include="30. ControlPattern\MovingCoursePattern\Data_MovingCourse">
      <UniqueIdentifier>{cfdd7710-3f76-4cb2-9b5e-d7585820f582}</UniqueIdentifier>
    </Filter>
    <Filter Include="30. ControlPattern\AttackPattern">
      <UniqueIdentifier>{59ffdc91-6233-4f58-b096-ddd9feedfc77}</UniqueIdentifier>
    </Filter>
    <Filter Include="30. ControlPattern\AttackPattern\Data_Attack">
      <UniqueIdentifier>{113fddf0-b20c-4b74-ae6f-7899d281b6dd}</UniqueIdentifier>
    </Filter>
    <Filter Include="20. Obj\Objects\Stage_only\Aircraft\PlayerAircraft">
      <UniqueIdentifier>{18ced132-bf53-4660-8aa6-e05c28fc54c4}</UniqueIdentifier>
    </Filter>
    <Filter Include="20. Obj\Objects\Stage_only\Aircraft\EnemyAircraft">
      <UniqueIdentifier>{924191d0-16f6-42ef-b407-7b7030d4e4c7}</UniqueIdentifier>
    </Filter>
    <Filter Include="20. Obj\Objects\Stage_only\Aircraft\PlayerAircraft\Harrier">
      <UniqueIdentifier>{b4dda2d7-7763-42fc-b839-cb255b87956b}</UniqueIdentifier>
    </Filter>
    <Filter Include="20. Obj\Objects\Stage_only\Aircraft\PlayerAircraft\Phantom">
      <UniqueIdentifier>{543cd136-9830-4953-97bb-634e0089e7d3}</UniqueIdentifier>
    </Filter>
    <Filter Include="20. Obj\Objects\Stage_only\Aircraft\PlayerAircraft\Raptor">
      <UniqueIdentifier>{c48dee03-7dbd-4178-a045-469a00785c97}</UniqueIdentifier>
    </Filter>
    <Filter Include="20. Obj\Objects\Stage_only\Aircraft\PlayerAircraft\Stealth">
      <UniqueIdentifier>{e39a4711-a2a2-4e64-b5be-e72b884fd83d}</UniqueIdentifier>
    </Filter>
    <Filter Include="20. Obj\Objects\Stage_only\Aircraft\PlayerAircraft\SuperHornet">
      <UniqueIdentifier>{7e1405cc-cba3-4435-a4ef-c358b5071e3f}</UniqueIdentifier>
    </Filter>
    <Filter Include="20. Obj\Objects\Stage_only\Aircraft\EnemyAircraft\Enemy01">
      <UniqueIdentifier>{ef2bb5d1-d535-4930-ab3d-848c54dc0ef4}</UniqueIdentifier>
    </Filter>
  </ItemGroup>
  <ItemGroup>
    <ClCompile Include="DeviceMgr.cpp">
      <Filter>01.Manager\DeviceMgr</Filter>
    </ClCompile>
    <ClCompile Include="Execution.cpp">
      <Filter>90.ExecutionFile</Filter>
    </ClCompile>
    <ClCompile Include="MainGame.cpp">
      <Filter>80.MainGame</Filter>
    </ClCompile>
    <ClCompile Include="Scene.cpp">
      <Filter>10.Scene</Filter>
    </ClCompile>
    <ClCompile Include="Lobby.cpp">
      <Filter>10.Scene\_Lobby</Filter>
    </ClCompile>
    <ClCompile Include="Stage.cpp">
      <Filter>10.Scene\_Stage</Filter>
    </ClCompile>
    <ClCompile Include="ManageScene.cpp">
      <Filter>10.Scene\tools\ManageScene</Filter>
    </ClCompile>
    <ClCompile Include="Info_ManageScene.cpp">
      <Filter>10.Scene\tools\ManageScene\Info_ManageScene</Filter>
    </ClCompile>
    <ClCompile Include="KeyMgr.cpp">
      <Filter>01.Manager\KeyMgr</Filter>
    </ClCompile>
    <ClCompile Include="Obj.cpp">
      <Filter>20. Obj</Filter>
    </ClCompile>
    <ClCompile Include="Info_Obj.cpp">
      <Filter>20. Obj\Info_Obj</Filter>
    </ClCompile>
    <ClCompile Include="ProtoType.cpp">
      <Filter>97.DesignPattern\ProtoType</Filter>
    </ClCompile>
    <ClCompile Include="ObjProto.cpp">
      <Filter>97.DesignPattern\ProtoType\Object</Filter>
    </ClCompile>
    <ClCompile Include="LobbyObjProto.cpp">
      <Filter>97.DesignPattern\ProtoType\Object\Lobby\LobbyObjProto</Filter>
    </ClCompile>
    <ClCompile Include="ObjMgr.cpp">
      <Filter>01.Manager\ObjMgr</Filter>
    </ClCompile>
    <ClCompile Include="SortMgr.cpp">
      <Filter>01.Manager\SortMgr</Filter>
    </ClCompile>
    <ClCompile Include="TextureMgr.cpp">
      <Filter>01.Manager\TextureMgr</Filter>
    </ClCompile>
    <ClCompile Include="MultiTexture.cpp">
      <Filter>01.Manager\TextureMgr\Texture\Multi</Filter>
    </ClCompile>
    <ClCompile Include="Texture.cpp">
      <Filter>01.Manager\TextureMgr\Texture</Filter>
    </ClCompile>
    <ClCompile Include="Util.cpp">
      <Filter>00.Header\lib\Util</Filter>
    </ClCompile>
    <ClCompile Include="StageObjProto.cpp">
      <Filter>97.DesignPattern\ProtoType\Object\Stage\StageObjProto</Filter>
    </ClCompile>
    <ClCompile Include="Back_Lobby.cpp">
      <Filter>20. Obj\Objects\Lobby_only\Back_Lobby</Filter>
    </ClCompile>
    <ClCompile Include="Select_Aircraft.cpp">
      <Filter>20. Obj\Objects\Lobby_only\Select_Aircraft</Filter>
    </ClCompile>
    <ClCompile Include="Picture.cpp">
      <Filter>20. Obj\Objects\Common\Picture</Filter>
    </ClCompile>
    <ClCompile Include="TimeMgr.cpp">
      <Filter>01.Manager\TimeMgr</Filter>
    </ClCompile>
    <ClCompile Include="AudioMgr.cpp">
      <Filter>01.Manager\AudioMgr</Filter>
    </ClCompile>
    <ClCompile Include="extern_var.cpp">
      <Filter>00.Header\Base\Base_var\extern_var</Filter>
    </ClCompile>
    <ClCompile Include="Back_Stage.cpp">
      <Filter>20. Obj\Objects\Stage_only\Back_Stage</Filter>
    </ClCompile>
    <ClCompile Include="Player_Belonging.cpp">
      <Filter>80.MainGame\Info_Player</Filter>
    </ClCompile>
    <ClCompile Include="PlayerControl.cpp">
      <Filter>20. Obj\Objects\Stage_only\PlayerControl</Filter>
    </ClCompile>
    <ClCompile Include="Aircraft.cpp">
      <Filter>20. Obj\Objects\Stage_only\Aircraft</Filter>
    </ClCompile>
    <ClCompile Include="Harrier.cpp">
      <Filter>20. Obj\Objects\Stage_only\Aircraft\PlayerAircraft\Harrier</Filter>
    </ClCompile>
    <ClCompile Include="ObjScheduleMgr.cpp">
      <Filter>01.Manager\ObjScheduleMgr</Filter>
    </ClCompile>
    <ClCompile Include="Data_Attack.cpp">
      <Filter>30. ControlPattern\AttackPattern\Data_Attack</Filter>
    </ClCompile>
    <ClCompile Include="Data_MovingCourse.cpp">
      <Filter>30. ControlPattern\MovingCoursePattern\Data_MovingCourse</Filter>
    </ClCompile>
    <ClCompile Include="AttackPattern.cpp">
      <Filter>30. ControlPattern\AttackPattern</Filter>
    </ClCompile>
    <ClCompile Include="MovingCoursePattern.cpp">
      <Filter>30. ControlPattern\MovingCoursePattern</Filter>
    </ClCompile>
    <ClCompile Include="EnemyAircraft.cpp">
      <Filter>20. Obj\Objects\Stage_only\Aircraft\EnemyAircraft</Filter>
    </ClCompile>
    <ClCompile Include="PlayerAircraft.cpp">
      <Filter>20. Obj\Objects\Stage_only\Aircraft\PlayerAircraft</Filter>
    </ClCompile>
    <ClCompile Include="Enemy01.cpp">
      <Filter>20. Obj\Objects\Stage_only\Aircraft\EnemyAircraft\Enemy01</Filter>
    </ClCompile>
  </ItemGroup>
  <ItemGroup>
    <ClInclude Include="DeviceMgr.h">
      <Filter>01.Manager\DeviceMgr</Filter>
    </ClInclude>
    <ClInclude Include="Execution.h">
      <Filter>90.ExecutionFile</Filter>
    </ClInclude>
    <ClInclude Include="Base.h">
      <Filter>00.Header\Base</Filter>
    </ClInclude>
    <ClInclude Include="constant.h">
      <Filter>00.Header\Base\Base_header</Filter>
    </ClInclude>
    <ClInclude Include="enum.h">
      <Filter>00.Header\Base\Base_header</Filter>
    </ClInclude>
    <ClInclude Include="macro.h">
      <Filter>00.Header\Base\Base_header</Filter>
    </ClInclude>
    <ClInclude Include="struct.h">
      <Filter>00.Header\Base\Base_header</Filter>
    </ClInclude>
    <ClInclude Include="stdafx.h">
      <Filter>00.Header</Filter>
    </ClInclude>
    <ClInclude Include="MainGame.h">
      <Filter>80.MainGame</Filter>
    </ClInclude>
    <ClInclude Include="Include.h">
      <Filter>00.Header</Filter>
    </ClInclude>
    <ClInclude Include="Scene.h">
      <Filter>10.Scene</Filter>
    </ClInclude>
    <ClInclude Include="Lobby.h">
      <Filter>10.Scene\_Lobby</Filter>
    </ClInclude>
    <ClInclude Include="Stage.h">
      <Filter>10.Scene\_Stage</Filter>
    </ClInclude>
    <ClInclude Include="ManageScene.h">
      <Filter>10.Scene\tools\ManageScene</Filter>
    </ClInclude>
    <ClInclude Include="Info_ManageScene.h">
      <Filter>10.Scene\tools\ManageScene\Info_ManageScene</Filter>
    </ClInclude>
    <ClInclude Include="KeyMgr.h">
      <Filter>01.Manager\KeyMgr</Filter>
    </ClInclude>
    <ClInclude Include="readme.h">
      <Filter>00.Header</Filter>
    </ClInclude>
    <ClInclude Include="function.h">
      <Filter>00.Header</Filter>
    </ClInclude>
    <ClInclude Include="Obj.h">
      <Filter>20. Obj</Filter>
    </ClInclude>
    <ClInclude Include="Info_Obj.h">
      <Filter>20. Obj\Info_Obj</Filter>
    </ClInclude>
    <ClInclude Include="ProtoType.h">
      <Filter>97.DesignPattern\ProtoType</Filter>
    </ClInclude>
    <ClInclude Include="ObjProto.h">
      <Filter>97.DesignPattern\ProtoType\Object</Filter>
    </ClInclude>
    <ClInclude Include="LobbyObjProto.h">
      <Filter>97.DesignPattern\ProtoType\Object\Lobby\LobbyObjProto</Filter>
    </ClInclude>
    <ClInclude Include="ObjMgr.h">
      <Filter>01.Manager\ObjMgr</Filter>
    </ClInclude>
    <ClInclude Include="SortMgr.h">
      <Filter>01.Manager\SortMgr</Filter>
    </ClInclude>
    <ClInclude Include="TextureMgr.h">
      <Filter>01.Manager\TextureMgr</Filter>
    </ClInclude>
    <ClInclude Include="MultiTexture.h">
      <Filter>01.Manager\TextureMgr\Texture\Multi</Filter>
    </ClInclude>
    <ClInclude Include="Texture.h">
      <Filter>01.Manager\TextureMgr\Texture</Filter>
    </ClInclude>
    <ClInclude Include="Util.h">
      <Filter>00.Header\lib\Util</Filter>
    </ClInclude>
    <ClInclude Include="StageObjProto.h">
      <Filter>97.DesignPattern\ProtoType\Object\Stage\StageObjProto</Filter>
    </ClInclude>
    <ClInclude Include="Back_Lobby.h">
      <Filter>20. Obj\Objects\Lobby_only\Back_Lobby</Filter>
    </ClInclude>
    <ClInclude Include="Select_Aircraft.h">
      <Filter>20. Obj\Objects\Lobby_only\Select_Aircraft</Filter>
    </ClInclude>
    <ClInclude Include="Picture.h">
      <Filter>20. Obj\Objects\Common\Picture</Filter>
    </ClInclude>
    <ClInclude Include="TimeMgr.h">
      <Filter>01.Manager\TimeMgr</Filter>
    </ClInclude>
    <ClInclude Include="AudioMgr.h">
      <Filter>01.Manager\AudioMgr</Filter>
    </ClInclude>
    <ClInclude Include="extern_var.h">
      <Filter>00.Header\Base\Base_var\extern_var</Filter>
    </ClInclude>
    <ClInclude Include="Back_Stage.h">
      <Filter>20. Obj\Objects\Stage_only\Back_Stage</Filter>
    </ClInclude>
    <ClInclude Include="Player_Belonging.h">
      <Filter>80.MainGame\Info_Player</Filter>
    </ClInclude>
    <ClInclude Include="PlayerControl.h">
      <Filter>20. Obj\Objects\Stage_only\PlayerControl</Filter>
    </ClInclude>
    <ClInclude Include="Aircraft.h">
      <Filter>20. Obj\Objects\Stage_only\Aircraft</Filter>
    </ClInclude>
    <ClInclude Include="Harrier.h">
      <Filter>20. Obj\Objects\Stage_only\Aircraft\PlayerAircraft\Harrier</Filter>
    </ClInclude>
    <ClInclude Include="ObjScheduleMgr.h">
      <Filter>01.Manager\ObjScheduleMgr</Filter>
    </ClInclude>
    <ClInclude Include="Data_Attack.h">
      <Filter>30. ControlPattern\AttackPattern\Data_Attack</Filter>
    </ClInclude>
    <ClInclude Include="Data_MovingCourse.h">
      <Filter>30. ControlPattern\MovingCoursePattern\Data_MovingCourse</Filter>
    </ClInclude>
    <ClInclude Include="AttackPattern.h">
      <Filter>30. ControlPattern\AttackPattern</Filter>
    </ClInclude>
    <ClInclude Include="MovingCoursePattern.h">
      <Filter>30. ControlPattern\MovingCoursePattern</Filter>
    </ClInclude>
    <ClInclude Include="EnemyAircraft.h">
      <Filter>20. Obj\Objects\Stage_only\Aircraft\EnemyAircraft</Filter>
    </ClInclude>
    <ClInclude Include="PlayerAircraft.h">
      <Filter>20. Obj\Objects\Stage_only\Aircraft\PlayerAircraft</Filter>
    </ClInclude>
    <ClInclude Include="Enemy01.h">
      <Filter>20. Obj\Objects\Stage_only\Aircraft\EnemyAircraft\Enemy01</Filter>
    </ClInclude>
  </ItemGroup>
</Project>