<?xml version="1.0" encoding="utf-8"?>
<Project ToolsVersion="4.0" xmlns="http://schemas.microsoft.com/developer/msbuild/2003">
  <ItemGroup>
    <Filter Include="리소스 파일">
      <UniqueIdentifier>{67DA6AB6-F800-4c08-8B7A-83BB121AAD01}</UniqueIdentifier>
      <Extensions>rc;ico;cur;bmp;dlg;rc2;rct;bin;rgs;gif;jpg;jpeg;jpe;resx;tiff;tif;png;wav;mfcribbon-ms</Extensions>
    </Filter>
    <Filter Include="01.Manager">
      <UniqueIdentifier>{f6b9e901-24c1-4842-9c8a-1ba8ef7c77c7}</UniqueIdentifier>
    </Filter>
    <Filter Include="01.Manager\DeviceMgr">
      <UniqueIdentifier>{d9703eb2-e6f9-4435-92ec-f97fb5aabf6a}</UniqueIdentifier>
    </Filter>
    <Filter Include="00.Header">
      <UniqueIdentifier>{a118a0dd-139a-4775-81bb-95cdd6be699a}</UniqueIdentifier>
    </Filter>
    <Filter Include="00.Header\Base">
      <UniqueIdentifier>{d021c073-5463-4f2f-8e26-5763635af777}</UniqueIdentifier>
    </Filter>
    <Filter Include="90.ExecutionFile">
      <UniqueIdentifier>{ab8fae48-0eab-4650-92ca-b57887e08f28}</UniqueIdentifier>
    </Filter>
    <Filter Include="00.Header\Base\Base_header">
      <UniqueIdentifier>{de5d7998-d861-4487-aee3-e8edca86eb91}</UniqueIdentifier>
    </Filter>
    <Filter Include="80.MainGame">
      <UniqueIdentifier>{8757ada1-b9dd-4af8-bf81-b1c152ff459e}</UniqueIdentifier>
    </Filter>
    <Filter Include="10.Scene">
      <UniqueIdentifier>{551b3cd2-74ed-46de-ba89-d0ea7e6f76b4}</UniqueIdentifier>
    </Filter>
    <Filter Include="10.Scene\Lobby">
      <UniqueIdentifier>{a0957643-f862-4438-ae3c-1e6a1fb51755}</UniqueIdentifier>
    </Filter>
    <Filter Include="10.Scene\Stage">
      <UniqueIdentifier>{877fedc0-b48b-40bf-a7a4-9f05b760a00c}</UniqueIdentifier>
    </Filter>
  </ItemGroup>
  <ItemGroup>
    <ClCompile Include="DeviceMgr.cpp">
      <Filter>01.Manager\DeviceMgr</Filter>
    </ClCompile>
    <ClCompile Include="Execution.cpp">
      <Filter>90.ExecutionFile</Filter>
    </ClCompile>
    <ClCompile Include="MainGame.cpp">
      <Filter>80.MainGame</Filter>
    </ClCompile>
    <ClCompile Include="Scene.cpp">
      <Filter>10.Scene</Filter>
    </ClCompile>
    <ClCompile Include="Lobby.cpp">
      <Filter>10.Scene\Lobby</Filter>
    </ClCompile>
    <ClCompile Include="Stage.cpp">
      <Filter>10.Scene\Stage</Filter>
    </ClCompile>
  </ItemGroup>
  <ItemGroup>
    <ClInclude Include="DeviceMgr.h">
      <Filter>01.Manager\DeviceMgr</Filter>
    </ClInclude>
    <ClInclude Include="Execution.h">
      <Filter>90.ExecutionFile</Filter>
    </ClInclude>
    <ClInclude Include="Base.h">
      <Filter>00.Header\Base</Filter>
    </ClInclude>
    <ClInclude Include="constant.h">
      <Filter>00.Header\Base\Base_header</Filter>
    </ClInclude>
    <ClInclude Include="enum.h">
      <Filter>00.Header\Base\Base_header</Filter>
    </ClInclude>
    <ClInclude Include="macro.h">
      <Filter>00.Header\Base\Base_header</Filter>
    </ClInclude>
    <ClInclude Include="struct.h">
      <Filter>00.Header\Base\Base_header</Filter>
    </ClInclude>
    <ClInclude Include="stdafx.h">
      <Filter>00.Header</Filter>
    </ClInclude>
    <ClInclude Include="MainGame.h">
      <Filter>80.MainGame</Filter>
    </ClInclude>
    <ClInclude Include="Include.h">
      <Filter>00.Header</Filter>
    </ClInclude>
    <ClInclude Include="Scene.h">
      <Filter>10.Scene</Filter>
    </ClInclude>
    <ClInclude Include="Lobby.h">
      <Filter>10.Scene\Lobby</Filter>
    </ClInclude>
    <ClInclude Include="Stage.h">
      <Filter>10.Scene\Stage</Filter>
    </ClInclude>
  </ItemGroup>
</Project>